// !$*UTF8*$!
{
	archiveVersion = 1;
	classes = {
	};
	objectVersion = 55;
	objects = {

/* Begin PBXBuildFile section */
		BD682C4F2899A58E0049B6B1 /* AppDelegate.swift in Sources */ = {isa = PBXBuildFile; fileRef = BD682C4E2899A58E0049B6B1 /* AppDelegate.swift */; };
		BD682C512899A58E0049B6B1 /* SceneDelegate.swift in Sources */ = {isa = PBXBuildFile; fileRef = BD682C502899A58E0049B6B1 /* SceneDelegate.swift */; };
		BD682C532899A58E0049B6B1 /* ViewController.swift in Sources */ = {isa = PBXBuildFile; fileRef = BD682C522899A58E0049B6B1 /* ViewController.swift */; };
		BD682C562899A58E0049B6B1 /* Main.storyboard in Resources */ = {isa = PBXBuildFile; fileRef = BD682C542899A58E0049B6B1 /* Main.storyboard */; };
		BD682C582899A58F0049B6B1 /* Assets.xcassets in Resources */ = {isa = PBXBuildFile; fileRef = BD682C572899A58F0049B6B1 /* Assets.xcassets */; };
		BD682C5B2899A58F0049B6B1 /* LaunchScreen.storyboard in Resources */ = {isa = PBXBuildFile; fileRef = BD682C592899A58F0049B6B1 /* LaunchScreen.storyboard */; };
		BD682C662899A58F0049B6B1 /* gitHubTests.swift in Sources */ = {isa = PBXBuildFile; fileRef = BD682C652899A58F0049B6B1 /* gitHubTests.swift */; };
		BD682C702899A58F0049B6B1 /* gitHubUITests.swift in Sources */ = {isa = PBXBuildFile; fileRef = BD682C6F2899A58F0049B6B1 /* gitHubUITests.swift */; };
		BD682C722899A58F0049B6B1 /* gitHubUITestsLaunchTests.swift in Sources */ = {isa = PBXBuildFile; fileRef = BD682C712899A58F0049B6B1 /* gitHubUITestsLaunchTests.swift */; };
/* End PBXBuildFile section */

/* Begin PBXContainerItemProxy section */
		BD682C622899A58F0049B6B1 /* PBXContainerItemProxy */ = {
			isa = PBXContainerItemProxy;
			containerPortal = BD682C432899A58E0049B6B1 /* Project object */;
			proxyType = 1;
			remoteGlobalIDString = BD682C4A2899A58E0049B6B1;
			remoteInfo = gitHub;
		};
		BD682C6C2899A58F0049B6B1 /* PBXContainerItemProxy */ = {
			isa = PBXContainerItemProxy;
			containerPortal = BD682C432899A58E0049B6B1 /* Project object */;
			proxyType = 1;
			remoteGlobalIDString = BD682C4A2899A58E0049B6B1;
			remoteInfo = gitHub;
		};
/* End PBXContainerItemProxy section */

/* Begin PBXFileReference section */
		BD682C4B2899A58E0049B6B1 /* gitHub.app */ = {isa = PBXFileReference; explicitFileType = wrapper.application; includeInIndex = 0; path = gitHub.app; sourceTree = BUILT_PRODUCTS_DIR; };
		BD682C4E2899A58E0049B6B1 /* AppDelegate.swift */ = {isa = PBXFileReference; lastKnownFileType = sourcecode.swift; path = AppDelegate.swift; sourceTree = "<group>"; };
		BD682C502899A58E0049B6B1 /* SceneDelegate.swift */ = {isa = PBXFileReference; lastKnownFileType = sourcecode.swift; path = SceneDelegate.swift; sourceTree = "<group>"; };
		BD682C522899A58E0049B6B1 /* ViewController.swift */ = {isa = PBXFileReference; lastKnownFileType = sourcecode.swift; path = ViewController.swift; sourceTree = "<group>"; };
		BD682C552899A58E0049B6B1 /* Base */ = {isa = PBXFileReference; lastKnownFileType = file.storyboard; name = Base; path = Base.lproj/Main.storyboard; sourceTree = "<group>"; };
		BD682C572899A58F0049B6B1 /* Assets.xcassets */ = {isa = PBXFileReference; lastKnownFileType = folder.assetcatalog; path = Assets.xcassets; sourceTree = "<group>"; };
		BD682C5A2899A58F0049B6B1 /* Base */ = {isa = PBXFileReference; lastKnownFileType = file.storyboard; name = Base; path = Base.lproj/LaunchScreen.storyboard; sourceTree = "<group>"; };
		BD682C5C2899A58F0049B6B1 /* Info.plist */ = {isa = PBXFileReference; lastKnownFileType = text.plist.xml; path = Info.plist; sourceTree = "<group>"; };
		BD682C612899A58F0049B6B1 /* gitHubTests.xctest */ = {isa = PBXFileReference; explicitFileType = wrapper.cfbundle; includeInIndex = 0; path = gitHubTests.xctest; sourceTree = BUILT_PRODUCTS_DIR; };
		BD682C652899A58F0049B6B1 /* gitHubTests.swift */ = {isa = PBXFileReference; lastKnownFileType = sourcecode.swift; path = gitHubTests.swift; sourceTree = "<group>"; };
		BD682C6B2899A58F0049B6B1 /* gitHubUITests.xctest */ = {isa = PBXFileReference; explicitFileType = wrapper.cfbundle; includeInIndex = 0; path = gitHubUITests.xctest; sourceTree = BUILT_PRODUCTS_DIR; };
		BD682C6F2899A58F0049B6B1 /* gitHubUITests.swift */ = {isa = PBXFileReference; lastKnownFileType = sourcecode.swift; path = gitHubUITests.swift; sourceTree = "<group>"; };
		BD682C712899A58F0049B6B1 /* gitHubUITestsLaunchTests.swift */ = {isa = PBXFileReference; lastKnownFileType = sourcecode.swift; path = gitHubUITestsLaunchTests.swift; sourceTree = "<group>"; };
/* End PBXFileReference section */

/* Begin PBXFrameworksBuildPhase section */
		BD682C482899A58E0049B6B1 /* Frameworks */ = {
			isa = PBXFrameworksBuildPhase;
			buildActionMask = 2147483647;
			files = (
			);
			runOnlyForDeploymentPostprocessing = 0;
		};
		BD682C5E2899A58F0049B6B1 /* Frameworks */ = {
			isa = PBXFrameworksBuildPhase;
			buildActionMask = 2147483647;
			files = (
			);
			runOnlyForDeploymentPostprocessing = 0;
		};
		BD682C682899A58F0049B6B1 /* Frameworks */ = {
			isa = PBXFrameworksBuildPhase;
			buildActionMask = 2147483647;
			files = (
			);
			runOnlyForDeploymentPostprocessing = 0;
		};
/* End PBXFrameworksBuildPhase section */

/* Begin PBXGroup section */
		BD682C422899A58E0049B6B1 = {
			isa = PBXGroup;
			children = (
				BD682C4D2899A58E0049B6B1 /* gitHub */,
				BD682C642899A58F0049B6B1 /* gitHubTests */,
				BD682C6E2899A58F0049B6B1 /* gitHubUITests */,
				BD682C4C2899A58E0049B6B1 /* Products */,
			);
			sourceTree = "<group>";
		};
		BD682C4C2899A58E0049B6B1 /* Products */ = {
			isa = PBXGroup;
			children = (
				BD682C4B2899A58E0049B6B1 /* gitHub.app */,
				BD682C612899A58F0049B6B1 /* gitHubTests.xctest */,
				BD682C6B2899A58F0049B6B1 /* gitHubUITests.xctest */,
			);
			name = Products;
			sourceTree = "<group>";
		};
		BD682C4D2899A58E0049B6B1 /* gitHub */ = {
			isa = PBXGroup;
			children = (
				BD682C4E2899A58E0049B6B1 /* AppDelegate.swift */,
				BD682C502899A58E0049B6B1 /* SceneDelegate.swift */,
				BD682C522899A58E0049B6B1 /* ViewController.swift */,
				BD682C542899A58E0049B6B1 /* Main.storyboard */,
				BD682C572899A58F0049B6B1 /* Assets.xcassets */,
				BD682C592899A58F0049B6B1 /* LaunchScreen.storyboard */,
				BD682C5C2899A58F0049B6B1 /* Info.plist */,
			);
			path = gitHub;
			sourceTree = "<group>";
		};
		BD682C642899A58F0049B6B1 /* gitHubTests */ = {
			isa = PBXGroup;
			children = (
				BD682C652899A58F0049B6B1 /* gitHubTests.swift */,
			);
			path = gitHubTests;
			sourceTree = "<group>";
		};
		BD682C6E2899A58F0049B6B1 /* gitHubUITests */ = {
			isa = PBXGroup;
			children = (
				BD682C6F2899A58F0049B6B1 /* gitHubUITests.swift */,
				BD682C712899A58F0049B6B1 /* gitHubUITestsLaunchTests.swift */,
			);
			path = gitHubUITests;
			sourceTree = "<group>";
		};
/* End PBXGroup section */

/* Begin PBXNativeTarget section */
		BD682C4A2899A58E0049B6B1 /* gitHub */ = {
			isa = PBXNativeTarget;
			buildConfigurationList = BD682C752899A58F0049B6B1 /* Build configuration list for PBXNativeTarget "gitHub" */;
			buildPhases = (
				BD682C472899A58E0049B6B1 /* Sources */,
				BD682C482899A58E0049B6B1 /* Frameworks */,
				BD682C492899A58E0049B6B1 /* Resources */,
			);
			buildRules = (
			);
			dependencies = (
			);
			name = gitHub;
			productName = gitHub;
			productReference = BD682C4B2899A58E0049B6B1 /* gitHub.app */;
			productType = "com.apple.product-type.application";
		};
		BD682C602899A58F0049B6B1 /* gitHubTests */ = {
			isa = PBXNativeTarget;
			buildConfigurationList = BD682C782899A58F0049B6B1 /* Build configuration list for PBXNativeTarget "gitHubTests" */;
			buildPhases = (
				BD682C5D2899A58F0049B6B1 /* Sources */,
				BD682C5E2899A58F0049B6B1 /* Frameworks */,
				BD682C5F2899A58F0049B6B1 /* Resources */,
			);
			buildRules = (
			);
			dependencies = (
				BD682C632899A58F0049B6B1 /* PBXTargetDependency */,
			);
			name = gitHubTests;
			productName = gitHubTests;
			productReference = BD682C612899A58F0049B6B1 /* gitHubTests.xctest */;
			productType = "com.apple.product-type.bundle.unit-test";
		};
		BD682C6A2899A58F0049B6B1 /* gitHubUITests */ = {
			isa = PBXNativeTarget;
			buildConfigurationList = BD682C7B2899A58F0049B6B1 /* Build configuration list for PBXNativeTarget "gitHubUITests" */;
			buildPhases = (
				BD682C672899A58F0049B6B1 /* Sources */,
				BD682C682899A58F0049B6B1 /* Frameworks */,
				BD682C692899A58F0049B6B1 /* Resources */,
			);
			buildRules = (
			);
			dependencies = (
				BD682C6D2899A58F0049B6B1 /* PBXTargetDependency */,
			);
			name = gitHubUITests;
			productName = gitHubUITests;
			productReference = BD682C6B2899A58F0049B6B1 /* gitHubUITests.xctest */;
			productType = "com.apple.product-type.bundle.ui-testing";
		};
/* End PBXNativeTarget section */

/* Begin PBXProject section */
		BD682C432899A58E0049B6B1 /* Project object */ = {
			isa = PBXProject;
			attributes = {
				BuildIndependentTargetsInParallel = 1;
				LastSwiftUpdateCheck = 1340;
				LastUpgradeCheck = 1340;
				TargetAttributes = {
					BD682C4A2899A58E0049B6B1 = {
						CreatedOnToolsVersion = 13.4.1;
					};
					BD682C602899A58F0049B6B1 = {
						CreatedOnToolsVersion = 13.4.1;
						TestTargetID = BD682C4A2899A58E0049B6B1;
					};
					BD682C6A2899A58F0049B6B1 = {
						CreatedOnToolsVersion = 13.4.1;
						TestTargetID = BD682C4A2899A58E0049B6B1;
					};
				};
			};
			buildConfigurationList = BD682C462899A58E0049B6B1 /* Build configuration list for PBXProject "gitHub" */;
			compatibilityVersion = "Xcode 13.0";
			developmentRegion = en;
			hasScannedForEncodings = 0;
			knownRegions = (
				en,
				Base,
			);
			mainGroup = BD682C422899A58E0049B6B1;
			productRefGroup = BD682C4C2899A58E0049B6B1 /* Products */;
			projectDirPath = "";
			projectRoot = "";
			targets = (
				BD682C4A2899A58E0049B6B1 /* gitHub */,
				BD682C602899A58F0049B6B1 /* gitHubTests */,
				BD682C6A2899A58F0049B6B1 /* gitHubUITests */,
			);
		};
/* End PBXProject section */

/* Begin PBXResourcesBuildPhase section */
		BD682C492899A58E0049B6B1 /* Resources */ = {
			isa = PBXResourcesBuildPhase;
			buildActionMask = 2147483647;
			files = (
				BD682C5B2899A58F0049B6B1 /* LaunchScreen.storyboard in Resources */,
				BD682C582899A58F0049B6B1 /* Assets.xcassets in Resources */,
				BD682C562899A58E0049B6B1 /* Main.storyboard in Resources */,
			);
			runOnlyForDeploymentPostprocessing = 0;
		};
		BD682C5F2899A58F0049B6B1 /* Resources */ = {
			isa = PBXResourcesBuildPhase;
			buildActionMask = 2147483647;
			files = (
			);
			runOnlyForDeploymentPostprocessing = 0;
		};
		BD682C692899A58F0049B6B1 /* Resources */ = {
			isa = PBXResourcesBuildPhase;
			buildActionMask = 2147483647;
			files = (
			);
			runOnlyForDeploymentPostprocessing = 0;
		};
/* End PBXResourcesBuildPhase section */

/* Begin PBXSourcesBuildPhase section */
		BD682C472899A58E0049B6B1 /* Sources */ = {
			isa = PBXSourcesBuildPhase;
			buildActionMask = 2147483647;
			files = (
				BD682C532899A58E0049B6B1 /* ViewController.swift in Sources */,
				BD682C4F2899A58E0049B6B1 /* AppDelegate.swift in Sources */,
				BD682C512899A58E0049B6B1 /* SceneDelegate.swift in Sources */,
			);
			runOnlyForDeploymentPostprocessing = 0;
		};
		BD682C5D2899A58F0049B6B1 /* Sources */ = {
			isa = PBXSourcesBuildPhase;
			buildActionMask = 2147483647;
			files = (
				BD682C662899A58F0049B6B1 /* gitHubTests.swift in Sources */,
			);
			runOnlyForDeploymentPostprocessing = 0;
		};
		BD682C672899A58F0049B6B1 /* Sources */ = {
			isa = PBXSourcesBuildPhase;
			buildActionMask = 2147483647;
			files = (
				BD682C702899A58F0049B6B1 /* gitHubUITests.swift in Sources */,
				BD682C722899A58F0049B6B1 /* gitHubUITestsLaunchTests.swift in Sources */,
			);
			runOnlyForDeploymentPostprocessing = 0;
		};
/* End PBXSourcesBuildPhase section */

/* Begin PBXTargetDependency section */
		BD682C632899A58F0049B6B1 /* PBXTargetDependency */ = {
			isa = PBXTargetDependency;
			target = BD682C4A2899A58E0049B6B1 /* gitHub */;
			targetProxy = BD682C622899A58F0049B6B1 /* PBXContainerItemProxy */;
		};
		BD682C6D2899A58F0049B6B1 /* PBXTargetDependency */ = {
			isa = PBXTargetDependency;
			target = BD682C4A2899A58E0049B6B1 /* gitHub */;
			targetProxy = BD682C6C2899A58F0049B6B1 /* PBXContainerItemProxy */;
		};
/* End PBXTargetDependency section */

/* Begin PBXVariantGroup section */
		BD682C542899A58E0049B6B1 /* Main.storyboard */ = {
			isa = PBXVariantGroup;
			children = (
				BD682C552899A58E0049B6B1 /* Base */,
			);
			name = Main.storyboard;
			sourceTree = "<group>";
		};
		BD682C592899A58F0049B6B1 /* LaunchScreen.storyboard */ = {
			isa = PBXVariantGroup;
			children = (
				BD682C5A2899A58F0049B6B1 /* Base */,
			);
			name = LaunchScreen.storyboard;
			sourceTree = "<group>";
		};
/* End PBXVariantGroup section */

/* Begin XCBuildConfiguration section */
		BD682C732899A58F0049B6B1 /* Debug */ = {
			isa = XCBuildConfiguration;
			buildSettings = {
				ALWAYS_SEARCH_USER_PATHS = NO;
				CLANG_ANALYZER_NONNULL = YES;
				CLANG_ANALYZER_NUMBER_OBJECT_CONVERSION = YES_AGGRESSIVE;
				CLANG_CXX_LANGUAGE_STANDARD = "gnu++17";
				CLANG_ENABLE_MODULES = YES;
				CLANG_ENABLE_OBJC_ARC = YES;
				CLANG_ENABLE_OBJC_WEAK = YES;
				CLANG_WARN_BLOCK_CAPTURE_AUTORELEASING = YES;
				CLANG_WARN_BOOL_CONVERSION = YES;
				CLANG_WARN_COMMA = YES;
				CLANG_WARN_CONSTANT_CONVERSION = YES;
				CLANG_WARN_DEPRECATED_OBJC_IMPLEMENTATIONS = YES;
				CLANG_WARN_DIRECT_OBJC_ISA_USAGE = YES_ERROR;
				CLANG_WARN_DOCUMENTATION_COMMENTS = YES;
				CLANG_WARN_EMPTY_BODY = YES;
				CLANG_WARN_ENUM_CONVERSION = YES;
				CLANG_WARN_INFINITE_RECURSION = YES;
				CLANG_WARN_INT_CONVERSION = YES;
				CLANG_WARN_NON_LITERAL_NULL_CONVERSION = YES;
				CLANG_WARN_OBJC_IMPLICIT_RETAIN_SELF = YES;
				CLANG_WARN_OBJC_LITERAL_CONVERSION = YES;
				CLANG_WARN_OBJC_ROOT_CLASS = YES_ERROR;
				CLANG_WARN_QUOTED_INCLUDE_IN_FRAMEWORK_HEADER = YES;
				CLANG_WARN_RANGE_LOOP_ANALYSIS = YES;
				CLANG_WARN_STRICT_PROTOTYPES = YES;
				CLANG_WARN_SUSPICIOUS_MOVE = YES;
				CLANG_WARN_UNGUARDED_AVAILABILITY = YES_AGGRESSIVE;
				CLANG_WARN_UNREACHABLE_CODE = YES;
				CLANG_WARN__DUPLICATE_METHOD_MATCH = YES;
				COPY_PHASE_STRIP = NO;
				DEBUG_INFORMATION_FORMAT = dwarf;
				ENABLE_STRICT_OBJC_MSGSEND = YES;
				ENABLE_TESTABILITY = YES;
				GCC_C_LANGUAGE_STANDARD = gnu11;
				GCC_DYNAMIC_NO_PIC = NO;
				GCC_NO_COMMON_BLOCKS = YES;
				GCC_OPTIMIZATION_LEVEL = 0;
				GCC_PREPROCESSOR_DEFINITIONS = (
					"DEBUG=1",
					"$(inherited)",
				);
				GCC_WARN_64_TO_32_BIT_CONVERSION = YES;
				GCC_WARN_ABOUT_RETURN_TYPE = YES_ERROR;
				GCC_WARN_UNDECLARED_SELECTOR = YES;
				GCC_WARN_UNINITIALIZED_AUTOS = YES_AGGRESSIVE;
				GCC_WARN_UNUSED_FUNCTION = YES;
				GCC_WARN_UNUSED_VARIABLE = YES;
				IPHONEOS_DEPLOYMENT_TARGET = 15.5;
				MTL_ENABLE_DEBUG_INFO = INCLUDE_SOURCE;
				MTL_FAST_MATH = YES;
				ONLY_ACTIVE_ARCH = YES;
				SDKROOT = iphoneos;
				SWIFT_ACTIVE_COMPILATION_CONDITIONS = DEBUG;
				SWIFT_OPTIMIZATION_LEVEL = "-Onone";
			};
			name = Debug;
		};
		BD682C742899A58F0049B6B1 /* Release */ = {
			isa = XCBuildConfiguration;
			buildSettings = {
				ALWAYS_SEARCH_USER_PATHS = NO;
				CLANG_ANALYZER_NONNULL = YES;
				CLANG_ANALYZER_NUMBER_OBJECT_CONVERSION = YES_AGGRESSIVE;
				CLANG_CXX_LANGUAGE_STANDARD = "gnu++17";
				CLANG_ENABLE_MODULES = YES;
				CLANG_ENABLE_OBJC_ARC = YES;
				CLANG_ENABLE_OBJC_WEAK = YES;
				CLANG_WARN_BLOCK_CAPTURE_AUTORELEASING = YES;
				CLANG_WARN_BOOL_CONVERSION = YES;
				CLANG_WARN_COMMA = YES;
				CLANG_WARN_CONSTANT_CONVERSION = YES;
				CLANG_WARN_DEPRECATED_OBJC_IMPLEMENTATIONS = YES;
				CLANG_WARN_DIRECT_OBJC_ISA_USAGE = YES_ERROR;
				CLANG_WARN_DOCUMENTATION_COMMENTS = YES;
				CLANG_WARN_EMPTY_BODY = YES;
				CLANG_WARN_ENUM_CONVERSION = YES;
				CLANG_WARN_INFINITE_RECURSION = YES;
				CLANG_WARN_INT_CONVERSION = YES;
				CLANG_WARN_NON_LITERAL_NULL_CONVERSION = YES;
				CLANG_WARN_OBJC_IMPLICIT_RETAIN_SELF = YES;
				CLANG_WARN_OBJC_LITERAL_CONVERSION = YES;
				CLANG_WARN_OBJC_ROOT_CLASS = YES_ERROR;
				CLANG_WARN_QUOTED_INCLUDE_IN_FRAMEWORK_HEADER = YES;
				CLANG_WARN_RANGE_LOOP_ANALYSIS = YES;
				CLANG_WARN_STRICT_PROTOTYPES = YES;
				CLANG_WARN_SUSPICIOUS_MOVE = YES;
				CLANG_WARN_UNGUARDED_AVAILABILITY = YES_AGGRESSIVE;
				CLANG_WARN_UNREACHABLE_CODE = YES;
				CLANG_WARN__DUPLICATE_METHOD_MATCH = YES;
				COPY_PHASE_STRIP = NO;
				DEBUG_INFORMATION_FORMAT = "dwarf-with-dsym";
				ENABLE_NS_ASSERTIONS = NO;
				ENABLE_STRICT_OBJC_MSGSEND = YES;
				GCC_C_LANGUAGE_STANDARD = gnu11;
				GCC_NO_COMMON_BLOCKS = YES;
				GCC_WARN_64_TO_32_BIT_CONVERSION = YES;
				GCC_WARN_ABOUT_RETURN_TYPE = YES_ERROR;
				GCC_WARN_UNDECLARED_SELECTOR = YES;
				GCC_WARN_UNINITIALIZED_AUTOS = YES_AGGRESSIVE;
				GCC_WARN_UNUSED_FUNCTION = YES;
				GCC_WARN_UNUSED_VARIABLE = YES;
				IPHONEOS_DEPLOYMENT_TARGET = 15.5;
				MTL_ENABLE_DEBUG_INFO = NO;
				MTL_FAST_MATH = YES;
				SDKROOT = iphoneos;
				SWIFT_COMPILATION_MODE = wholemodule;
				SWIFT_OPTIMIZATION_LEVEL = "-O";
				VALIDATE_PRODUCT = YES;
			};
			name = Release;
		};
		BD682C762899A58F0049B6B1 /* Debug */ = {
			isa = XCBuildConfiguration;
			buildSettings = {
				ASSETCATALOG_COMPILER_APPICON_NAME = AppIcon;
				ASSETCATALOG_COMPILER_GLOBAL_ACCENT_COLOR_NAME = AccentColor;
				CODE_SIGN_STYLE = Automatic;
				CURRENT_PROJECT_VERSION = 1;
				GENERATE_INFOPLIST_FILE = YES;
				INFOPLIST_FILE = gitHub/Info.plist;
				INFOPLIST_KEY_UIApplicationSupportsIndirectInputEvents = YES;
				INFOPLIST_KEY_UILaunchStoryboardName = LaunchScreen;
				INFOPLIST_KEY_UIMainStoryboardFile = Main;
				INFOPLIST_KEY_UISupportedInterfaceOrientations_iPad = "UIInterfaceOrientationPortrait UIInterfaceOrientationPortraitUpsideDown UIInterfaceOrientationLandscapeLeft UIInterfaceOrientationLandscapeRight";
				INFOPLIST_KEY_UISupportedInterfaceOrientations_iPhone = "UIInterfaceOrientationPortrait UIInterfaceOrientationLandscapeLeft UIInterfaceOrientationLandscapeRight";
				LD_RUNPATH_SEARCH_PATHS = (
					"$(inherited)",
					"@executable_path/Frameworks",
				);
				MARKETING_VERSION = 1.0;
				PRODUCT_BUNDLE_IDENTIFIER = kwk.gitHub;
				PRODUCT_NAME = "$(TARGET_NAME)";
				SWIFT_EMIT_LOC_STRINGS = YES;
				SWIFT_VERSION = 5.0;
				TARGETED_DEVICE_FAMILY = "1,2";
			};
			name = Debug;
		};
		BD682C772899A58F0049B6B1 /* Release */ = {
			isa = XCBuildConfiguration;
			buildSettings = {
				ASSETCATALOG_COMPILER_APPICON_NAME = AppIcon;
				ASSETCATALOG_COMPILER_GLOBAL_ACCENT_COLOR_NAME = AccentColor;
				CODE_SIGN_STYLE = Automatic;
				CURRENT_PROJECT_VERSION = 1;
				GENERATE_INFOPLIST_FILE = YES;
				INFOPLIST_FILE = gitHub/Info.plist;
				INFOPLIST_KEY_UIApplicationSupportsIndirectInputEvents = YES;
				INFOPLIST_KEY_UILaunchStoryboardName = LaunchScreen;
				INFOPLIST_KEY_UIMainStoryboardFile = Main;
				INFOPLIST_KEY_UISupportedInterfaceOrientations_iPad = "UIInterfaceOrientationPortrait UIInterfaceOrientationPortraitUpsideDown UIInterfaceOrientationLandscapeLeft UIInterfaceOrientationLandscapeRight";
				INFOPLIST_KEY_UISupportedInterfaceOrientations_iPhone = "UIInterfaceOrientationPortrait UIInterfaceOrientationLandscapeLeft UIInterfaceOrientationLandscapeRight";
				LD_RUNPATH_SEARCH_PATHS = (
					"$(inherited)",
					"@executable_path/Frameworks",
				);
				MARKETING_VERSION = 1.0;
				PRODUCT_BUNDLE_IDENTIFIER = kwk.gitHub;
				PRODUCT_NAME = "$(TARGET_NAME)";
				SWIFT_EMIT_LOC_STRINGS = YES;
				SWIFT_VERSION = 5.0;
				TARGETED_DEVICE_FAMILY = "1,2";
			};
			name = Release;
		};
		BD682C792899A58F0049B6B1 /* Debug */ = {
			isa = XCBuildConfiguration;
			buildSettings = {
				ALWAYS_EMBED_SWIFT_STANDARD_LIBRARIES = YES;
				BUNDLE_LOADER = "$(TEST_HOST)";
				CODE_SIGN_STYLE = Automatic;
				CURRENT_PROJECT_VERSION = 1;
				GENERATE_INFOPLIST_FILE = YES;
				IPHONEOS_DEPLOYMENT_TARGET = 15.5;
				MARKETING_VERSION = 1.0;
				PRODUCT_BUNDLE_IDENTIFIER = kwk.gitHubTests;
				PRODUCT_NAME = "$(TARGET_NAME)";
				SWIFT_EMIT_LOC_STRINGS = NO;
				SWIFT_VERSION = 5.0;
				TARGETED_DEVICE_FAMILY = "1,2";
				TEST_HOST = "$(BUILT_PRODUCTS_DIR)/gitHub.app/gitHub";
			};
			name = Debug;
		};
		BD682C7A2899A58F0049B6B1 /* Release */ = {
			isa = XCBuildConfiguration;
			buildSettings = {
				ALWAYS_EMBED_SWIFT_STANDARD_LIBRARIES = YES;
				BUNDLE_LOADER = "$(TEST_HOST)";
				CODE_SIGN_STYLE = Automatic;
				CURRENT_PROJECT_VERSION = 1;
				GENERATE_INFOPLIST_FILE = YES;
				IPHONEOS_DEPLOYMENT_TARGET = 15.5;
				MARKETING_VERSION = 1.0;
				PRODUCT_BUNDLE_IDENTIFIER = kwk.gitHubTests;
				PRODUCT_NAME = "$(TARGET_NAME)";
				SWIFT_EMIT_LOC_STRINGS = NO;
				SWIFT_VERSION = 5.0;
				TARGETED_DEVICE_FAMILY = "1,2";
				TEST_HOST = "$(BUILT_PRODUCTS_DIR)/gitHub.app/gitHub";
			};
			name = Release;
		};
		BD682C7C2899A58F0049B6B1 /* Debug */ = {
			isa = XCBuildConfiguration;
			buildSettings = {
				ALWAYS_EMBED_SWIFT_STANDARD_LIBRARIES = YES;
				CODE_SIGN_STYLE = Automatic;
				CURRENT_PROJECT_VERSION = 1;
				GENERATE_INFOPLIST_FILE = YES;
				MARKETING_VERSION = 1.0;
				PRODUCT_BUNDLE_IDENTIFIER = kwk.gitHubUITests;
				PRODUCT_NAME = "$(TARGET_NAME)";
				SWIFT_EMIT_LOC_STRINGS = NO;
				SWIFT_VERSION = 5.0;
				TARGETED_DEVICE_FAMILY = "1,2";
				TEST_TARGET_NAME = gitHub;
			};
			name = Debug;
		};
		BD682C7D2899A58F0049B6B1 /* Release */ = {
			isa = XCBuildConfiguration;
			buildSettings = {
				ALWAYS_EMBED_SWIFT_STANDARD_LIBRARIES = YES;
				CODE_SIGN_STYLE = Automatic;
				CURRENT_PROJECT_VERSION = 1;
				GENERATE_INFOPLIST_FILE = YES;
				MARKETING_VERSION = 1.0;
				PRODUCT_BUNDLE_IDENTIFIER = kwk.gitHubUITests;
				PRODUCT_NAME = "$(TARGET_NAME)";
				SWIFT_EMIT_LOC_STRINGS = NO;
				SWIFT_VERSION = 5.0;
				TARGETED_DEVICE_FAMILY = "1,2";
				TEST_TARGET_NAME = gitHub;
			};
			name = Release;
		};
/* End XCBuildConfiguration section */

/* Begin XCConfigurationList section */
		BD682C462899A58E0049B6B1 /* Build configuration list for PBXProject "gitHub" */ = {
			isa = XCConfigurationList;
			buildConfigurations = (
				BD682C732899A58F0049B6B1 /* Debug */,
				BD682C742899A58F0049B6B1 /* Release */,
			);
			defaultConfigurationIsVisible = 0;
			defaultConfigurationName = Release;
		};
		BD682C752899A58F0049B6B1 /* Build configuration list for PBXNativeTarget "gitHub" */ = {
			isa = XCConfigurationList;
			buildConfigurations = (
				BD682C762899A58F0049B6B1 /* Debug */,
				BD682C772899A58F0049B6B1 /* Release */,
			);
			defaultConfigurationIsVisible = 0;
			defaultConfigurationName = Release;
		};
		BD682C782899A58F0049B6B1 /* Build configuration list for PBXNativeTarget "gitHubTests" */ = {
			isa = XCConfigurationList;
			buildConfigurations = (
				BD682C792899A58F0049B6B1 /* Debug */,
				BD682C7A2899A58F0049B6B1 /* Release */,
			);
			defaultConfigurationIsVisible = 0;
			defaultConfigurationName = Release;
		};
		BD682C7B2899A58F0049B6B1 /* Build configuration list for PBXNativeTarget "gitHubUITests" */ = {
			isa = XCConfigurationList;
			buildConfigurations = (
				BD682C7C2899A58F0049B6B1 /* Debug */,
				BD682C7D2899A58F0049B6B1 /* Release */,
			);
			defaultConfigurationIsVisible = 0;
			defaultConfigurationName = Release;
		};
/* End XCConfigurationList section */
	};
	rootObject = BD682C432899A58E0049B6B1 /* Project object */;
}
